Microsoft Visual Studio Solution File, Format Version 12.00
# Visual Studio Version 17
VisualStudioVersion = 17.5.2.0
MinimumVisualStudioVersion = 10.0.40219.1
Project("{FAE04EC0-301F-11D3-BF4B-00C04F79EFBC}") = "Assembly-CSharp", "Assembly-CSharp.csproj", "{B4CD19DA-EE08-5225-FB19-1D0DFA4113DD}"
EndProject
Project("{FAE04EC0-301F-11D3-BF4B-00C04F79EFBC}") = "FastScriptReload.Editor", "FastScriptReload.Editor.csproj", "{F6237D82-A5D9-347A-9284-74A9A57EAC14}"
EndProject
Project("{FAE04EC0-301F-11D3-BF4B-00C04F79EFBC}") = "FastScriptReload.Runtime", "FastScriptReload.Runtime.csproj", "{1B432A5F-025C-CA26-0BE8-DA93D02565A7}"
EndProject
Project("{FAE04EC0-301F-11D3-BF4B-00C04F79EFBC}") = "LoM.Super.Connect.Editor", "LoM.Super.Connect.Editor.csproj", "{325DC2B0-427E-67BB-3C15-1B48D4952A96}"
EndProject
Project("{FAE04EC0-301F-11D3-BF4B-00C04F79EFBC}") = "LoM.Super.Connect", "LoM.Super.Connect.csproj", "{6ACB7EAF-B2CB-3495-D92A-D89515FAFD34}"
EndProject
Project("{FAE04EC0-301F-11D3-BF4B-00C04F79EFBC}") = "LoM.Super.Editor", "LoM.Super.Editor.csproj", "{A136F2DF-FB76-2876-CF23-57C96E3CE59A}"
EndProject
Project("{FAE04EC0-301F-11D3-BF4B-00C04F79EFBC}") = "LoM.Super", "LoM.Super.csproj", "{9127E78B-EAEE-5D14-8D96-EFF9EC35FB46}"
EndProject
Project("{FAE04EC0-301F-11D3-BF4B-00C04F79EFBC}") = "PolyBuzzToVRChat.Accounting", "PolyBuzzToVRChat.Accounting.csproj", "{6429A7D6-E9F0-6FF1-894B-683C0408F217}"
EndProject
Project("{FAE04EC0-301F-11D3-BF4B-00C04F79EFBC}") = "PolyBuzzToVRChat.Avatar", "PolyBuzzToVRChat.Avatar.csproj", "{6622854C-EA47-A4C6-4420-3BE0C56D0C28}"
EndProject
Project("{FAE04EC0-301F-11D3-BF4B-00C04F79EFBC}") = "PolyBuzzToVRChat.Integrater", "PolyBuzzToVRChat.Integrater.csproj", "{C27824CB-BFC6-D657-6DF3-902FDC91F9A7}"
EndProject
Project("{FAE04EC0-301F-11D3-BF4B-00C04F79EFBC}") = "PolyBuzzToVRChat.Platform", "PolyBuzzToVRChat.Platform.csproj", "{99E1073B-EC9C-76BB-9980-260EEF990DC1}"
EndProject
Project("{FAE04EC0-301F-11D3-BF4B-00C04F79EFBC}") = "PolyBuzzToVRChat.VRChat", "PolyBuzzToVRChat.VRChat.csproj", "{EC06B128-30F4-7010-7413-BE3410EDC88A}"
EndProject
Project("{FAE04EC0-301F-11D3-BF4B-00C04F79EFBC}") = "UniTask.Addressables", "UniTask.Addressables.csproj", "{D4402BD5-8EEF-1B80-5883-E3767BBC0E21}"
EndProject
Project("{FAE04EC0-301F-11D3-BF4B-00C04F79EFBC}") = "UniTask.DOTween", "UniTask.DOTween.csproj", "{469CDB6C-2293-0288-09EA-C58D842ADEAF}"
EndProject
Project("{FAE04EC0-301F-11D3-BF4B-00C04F79EFBC}") = "UniTask.Editor", "UniTask.Editor.csproj", "{E88886B1-0B10-D8BB-1C18-E11639DB3EED}"
EndProject
Project("{FAE04EC0-301F-11D3-BF4B-00C04F79EFBC}") = "UniTask.Linq", "UniTask.Linq.csproj", "{EB7439E8-6A3F-DEE2-1FFD-D64A6CE87493}"
EndProject
Project("{FAE04EC0-301F-11D3-BF4B-00C04F79EFBC}") = "UniTask.TextMeshPro", "UniTask.TextMeshPro.csproj", "{06355EAF-7678-E821-988A-E03865A899AB}"
EndProject
Project("{FAE04EC0-301F-11D3-BF4B-00C04F79EFBC}") = "UniTask", "UniTask.csproj", "{F714374C-DC56-462A-7B4F-96E7FA40BFDB}"
EndProject
Project("{FAE04EC0-301F-11D3-BF4B-00C04F79EFBC}") = "Unity.Burst.CodeGen", "Unity.Burst.CodeGen.csproj", "{05CF66EA-1CF5-FB56-6AB8-37EAC623C54E}"
EndProject
Project("{FAE04EC0-301F-11D3-BF4B-00C04F79EFBC}") = "Unity.Burst.Editor", "Unity.Burst.Editor.csproj", "{8BB1A0D2-1194-795C-0234-EC47A1DE18C8}"
EndProject
Project("{FAE04EC0-301F-11D3-BF4B-00C04F79EFBC}") = "Unity.Burst", "Unity.Burst.csproj", "{D69D8A0C-1FED-CC72-8F5C-82187A001E8E}"
EndProject
Project("{FAE04EC0-301F-11D3-BF4B-00C04F79EFBC}") = "Unity.Collections.CodeGen", "Unity.Collections.CodeGen.csproj", "{2ACBDE7E-83D3-694F-12F5-59205CEB7D7A}"
EndProject
Project("{FAE04EC0-301F-11D3-BF4B-00C04F79EFBC}") = "Unity.Collections.Editor", "Unity.Collections.Editor.csproj", "{733A57E0-DD24-D832-B8CC-BFE864BD2D62}"
EndProject
Project("{FAE04EC0-301F-11D3-BF4B-00C04F79EFBC}") = "Unity.Collections", "Unity.Collections.csproj", "{B9D4BB98-462C-41E9-820F-D8E9DA278D14}"
EndProject
Project("{FAE04EC0-301F-11D3-BF4B-00C04F79EFBC}") = "Unity.InternalAPIEngineBridge.004", "Unity.InternalAPIEngineBridge.004.csproj", "{1D08B79E-B226-B00B-8B13-4670C7995E1D}"
EndProject
Project("{FAE04EC0-301F-11D3-BF4B-00C04F79EFBC}") = "Unity.Mathematics.Editor", "Unity.Mathematics.Editor.csproj", "{C0106DA2-51C4-1551-ED22-7872FB1AC840}"
EndProject
Project("{FAE04EC0-301F-11D3-BF4B-00C04F79EFBC}") = "Unity.Mathematics", "Unity.Mathematics.csproj", "{1A6B0515-0F6F-31A5-2EC5-0A1318069275}"
EndProject
Project("{FAE04EC0-301F-11D3-BF4B-00C04F79EFBC}") = "Unity.Multiplayer.Center.Common", "Unity.Multiplayer.Center.Common.csproj", "{E37DE3B5-2DB9-7DDD-A3D1-85D83389F48E}"
EndProject
Project("{FAE04EC0-301F-11D3-BF4B-00C04F79EFBC}") = "Unity.Multiplayer.Center.Editor", "Unity.Multiplayer.Center.Editor.csproj", "{25E73961-7896-22CD-276E-D7AF59065944}"
EndProject
Project("{FAE04EC0-301F-11D3-BF4B-00C04F79EFBC}") = "Unity.PerformanceTesting.Editor", "Unity.PerformanceTesting.Editor.csproj", "{55C867A1-9DFD-A43F-1331-5790E555AB5E}"
EndProject
Project("{FAE04EC0-301F-11D3-BF4B-00C04F79EFBC}") = "Unity.PerformanceTesting", "Unity.PerformanceTesting.csproj", "{EB3E95D3-75FC-6262-CAA8-D4A0F606AA59}"
EndProject
Project("{FAE04EC0-301F-11D3-BF4B-00C04F79EFBC}") = "Unity.Postprocessing.Editor", "Unity.Postprocessing.Editor.csproj", "{D7B13EA9-37F6-E46A-1480-8A98C127B6A8}"
EndProject
Project("{FAE04EC0-301F-11D3-BF4B-00C04F79EFBC}") = "Unity.Postprocessing.Runtime", "Unity.Postprocessing.Runtime.csproj", "{C158925D-50F0-366B-D910-45E3A783118C}"
EndProject
Project("{FAE04EC0-301F-11D3-BF4B-00C04F79EFBC}") = "Unity.TextMeshPro.Editor", "Unity.TextMeshPro.Editor.csproj", "{FC3CC1B0-40D2-ED61-6EAF-99C7373CF368}"
EndProject
Project("{FAE04EC0-301F-11D3-BF4B-00C04F79EFBC}") = "Unity.TextMeshPro", "Unity.TextMeshPro.csproj", "{28E608E5-3DCE-6D79-410C-F9C69EBC6F66}"
EndProject
Project("{FAE04EC0-301F-11D3-BF4B-00C04F79EFBC}") = "Unity.Timeline.Editor", "Unity.Timeline.Editor.csproj", "{A45E40F4-5E9C-B14D-5AF0-68DE522E9836}"
EndProject
Project("{FAE04EC0-301F-11D3-BF4B-00C04F79EFBC}") = "Unity.Timeline", "Unity.Timeline.csproj", "{B12AA968-70D7-61B6-6D00-12305B46B975}"
EndProject
Project("{FAE04EC0-301F-11D3-BF4B-00C04F79EFBC}") = "Unity.VisualStudio.Editor", "Unity.VisualStudio.Editor.csproj", "{719886CA-13C2-C47D-D667-B2772FA0D884}"
EndProject
Project("{FAE04EC0-301F-11D3-BF4B-00C04F79EFBC}") = "Unity.XR.CoreUtils.Editor", "Unity.XR.CoreUtils.Editor.csproj", "{598E5C22-6FED-85CA-282E-53B743EB0D13}"
EndProject
Project("{FAE04EC0-301F-11D3-BF4B-00C04F79EFBC}") = "Unity.XR.CoreUtils", "Unity.XR.CoreUtils.csproj", "{B50919F9-D3BA-5B8D-688E-1C1A75E5F296}"
EndProject
Project("{FAE04EC0-301F-11D3-BF4B-00C04F79EFBC}") = "Unity.XR.Management.Editor", "Unity.XR.Management.Editor.csproj", "{6A1C5D50-64FF-8142-B07D-4B9C024555F2}"
EndProject
Project("{FAE04EC0-301F-11D3-BF4B-00C04F79EFBC}") = "Unity.XR.Management", "Unity.XR.Management.csproj", "{BCBA6C5F-B1D5-C21F-894F-B40C46F97774}"
EndProject
Project("{FAE04EC0-301F-11D3-BF4B-00C04F79EFBC}") = "Unity.XR.Oculus.Editor", "Unity.XR.Oculus.Editor.csproj", "{EAFA7BC4-3E8B-56E0-3C9C-6143AABDE9E3}"
EndProject
Project("{FAE04EC0-301F-11D3-BF4B-00C04F79EFBC}") = "Unity.XR.Oculus", "Unity.XR.Oculus.csproj", "{40BA6B7F-678A-770A-6FE9-C697CF1A8D62}"
EndProject
Project("{FAE04EC0-301F-11D3-BF4B-00C04F79EFBC}") = "UnityEditor.SpatialTracking", "UnityEditor.SpatialTracking.csproj", "{8BACB925-1979-58E6-5310-1CEAFF30C09A}"
EndProject
Project("{FAE04EC0-301F-11D3-BF4B-00C04F79EFBC}") = "UnityEditor.TestRunner", "UnityEditor.TestRunner.csproj", "{E0B68632-3A42-0FC2-43CB-C6D8C68A68FA}"
EndProject
Project("{FAE04EC0-301F-11D3-BF4B-00C04F79EFBC}") = "UnityEditor.UI", "UnityEditor.UI.csproj", "{E3DBFDBC-7732-E503-50FE-DF6E17450A91}"
EndProject
Project("{FAE04EC0-301F-11D3-BF4B-00C04F79EFBC}") = "UnityEditor.XR.LegacyInputHelpers", "UnityEditor.XR.LegacyInputHelpers.csproj", "{3F3804CB-C7EB-5D43-6F50-DEF460AF4FC2}"
EndProject
Project("{FAE04EC0-301F-11D3-BF4B-00C04F79EFBC}") = "UnityEngine.SpatialTracking", "UnityEngine.SpatialTracking.csproj", "{92C7A6DD-0A6D-A7B4-1824-2AF86546729A}"
EndProject
Project("{FAE04EC0-301F-11D3-BF4B-00C04F79EFBC}") = "UnityEngine.TestRunner", "UnityEngine.TestRunner.csproj", "{B31220D7-7594-68EC-83DF-72DD54D5B85F}"
EndProject
Project("{FAE04EC0-301F-11D3-BF4B-00C04F79EFBC}") = "UnityEngine.UI", "UnityEngine.UI.csproj", "{ACE60230-140E-43E1-617E-8BCA03FD1AF6}"
EndProject
Project("{FAE04EC0-301F-11D3-BF4B-00C04F79EFBC}") = "UnityEngine.XR.LegacyInputHelpers", "UnityEngine.XR.LegacyInputHelpers.csproj", "{ECE63DCA-8C1A-7FCA-B2D5-F6656E73D8A4}"
EndProject
Project("{FAE04EC0-301F-11D3-BF4B-00C04F79EFBC}") = "VRC.ExampleCentral.Editor", "VRC.ExampleCentral.Editor.csproj", "{915FD08D-8943-9695-B6EF-988B20B680DF}"
EndProject
Project("{FAE04EC0-301F-11D3-BF4B-00C04F79EFBC}") = "VRC.SDK3A.Editor", "VRC.SDK3A.Editor.csproj", "{712A2F8D-3A55-D461-7C50-2406854C9746}"
EndProject
Project("{FAE04EC0-301F-11D3-BF4B-00C04F79EFBC}") = "VRC.SDK3A", "VRC.SDK3A.csproj", "{03DFE543-2FA6-1F2F-98C2-DA6E587EB312}"
EndProject
Project("{FAE04EC0-301F-11D3-BF4B-00C04F79EFBC}") = "VRC.SDKBase.Editor.BuildPipeline", "VRC.SDKBase.Editor.BuildPipeline.csproj", "{886FFFF7-62BC-824A-6342-43D8DB795C44}"
EndProject
Project("{FAE04EC0-301F-11D3-BF4B-00C04F79EFBC}") = "VRC.SDKBase.Editor.ShaderStripping", "VRC.SDKBase.Editor.ShaderStripping.csproj", "{8AF4D9BE-D6D4-7A3A-342D-D5EEA279F035}"
EndProject
Project("{FAE04EC0-301F-11D3-BF4B-00C04F79EFBC}") = "VRC.SDKBase.Editor", "VRC.SDKBase.Editor.csproj", "{6FE207B8-BF13-CD74-1B26-BE780EB9E1DC}"
EndProject
Project("{FAE04EC0-301F-11D3-BF4B-00C04F79EFBC}") = "VRC.SDKBase", "VRC.SDKBase.csproj", "{3DC9B2ED-1055-C4B5-AB93-B8657B9372C3}"
EndProject
Project("{FAE04EC0-301F-11D3-BF4B-00C04F79EFBC}") = "VRLabs.AV3Manager.Editor", "VRLabs.AV3Manager.Editor.csproj", "{B779314D-F696-3625-F325-779FA5EDA678}"
EndProject
Project("{FAE04EC0-301F-11D3-BF4B-00C04F79EFBC}") = "VRLabs.Av3Manager.Editor.Localization", "VRLabs.Av3Manager.Editor.Localization.csproj", "{B740182F-34AC-25F6-1F53-A816F9EE7CBB}"
EndProject
Project("{FAE04EC0-301F-11D3-BF4B-00C04F79EFBC}") = "com.vrchat.core.vpm-resolver.Editor", "com.vrchat.core.vpm-resolver.Editor.csproj", "{981D4181-E475-744A-68C3-9043485BBF55}"
EndProject
Project("{FAE04EC0-301F-11D3-BF4B-00C04F79EFBC}") = "vrchat.blackstartx.gesture-manager", "vrchat.blackstartx.gesture-manager.csproj", "{BA6FBD0E-6A6C-5244-1128-D56B7D188387}"
EndProject
Project("{FAE04EC0-301F-11D3-BF4B-00C04F79EFBC}") = "vrchat.blackstartx.gesture-manager.editor", "vrchat.blackstartx.gesture-manager.editor.csproj", "{0F8808D4-9B3A-9A92-6D6F-6EE44BBED323}"
EndProject
Global
	GlobalSection(SolutionConfigurationPlatforms) = preSolution
		Debug|Any CPU = Debug|Any CPU
		Release|Any CPU = Release|Any CPU
	EndGlobalSection
	GlobalSection(ProjectConfigurationPlatforms) = postSolution
		{B4CD19DA-EE08-5225-FB19-1D0DFA4113DD}.Debug|Any CPU.ActiveCfg = Debug|Any CPU
		{B4CD19DA-EE08-5225-FB19-1D0DFA4113DD}.Debug|Any CPU.Build.0 = Debug|Any CPU
		{B4CD19DA-EE08-5225-FB19-1D0DFA4113DD}.Release|Any CPU.ActiveCfg = Release|Any CPU
		{B4CD19DA-EE08-5225-FB19-1D0DFA4113DD}.Release|Any CPU.Build.0 = Release|Any CPU
		{F6237D82-A5D9-347A-9284-74A9A57EAC14}.Debug|Any CPU.ActiveCfg = Debug|Any CPU
		{F6237D82-A5D9-347A-9284-74A9A57EAC14}.Debug|Any CPU.Build.0 = Debug|Any CPU
		{F6237D82-A5D9-347A-9284-74A9A57EAC14}.Release|Any CPU.ActiveCfg = Release|Any CPU
		{F6237D82-A5D9-347A-9284-74A9A57EAC14}.Release|Any CPU.Build.0 = Release|Any CPU
		{1B432A5F-025C-CA26-0BE8-DA93D02565A7}.Debug|Any CPU.ActiveCfg = Debug|Any CPU
		{1B432A5F-025C-CA26-0BE8-DA93D02565A7}.Debug|Any CPU.Build.0 = Debug|Any CPU
		{1B432A5F-025C-CA26-0BE8-DA93D02565A7}.Release|Any CPU.ActiveCfg = Release|Any CPU
		{1B432A5F-025C-CA26-0BE8-DA93D02565A7}.Release|Any CPU.Build.0 = Release|Any CPU
		{325DC2B0-427E-67BB-3C15-1B48D4952A96}.Debug|Any CPU.ActiveCfg = Debug|Any CPU
		{325DC2B0-427E-67BB-3C15-1B48D4952A96}.Debug|Any CPU.Build.0 = Debug|Any CPU
		{325DC2B0-427E-67BB-3C15-1B48D4952A96}.Release|Any CPU.ActiveCfg = Release|Any CPU
		{325DC2B0-427E-67BB-3C15-1B48D4952A96}.Release|Any CPU.Build.0 = Release|Any CPU
		{6ACB7EAF-B2CB-3495-D92A-D89515FAFD34}.Debug|Any CPU.ActiveCfg = Debug|Any CPU
		{6ACB7EAF-B2CB-3495-D92A-D89515FAFD34}.Debug|Any CPU.Build.0 = Debug|Any CPU
		{6ACB7EAF-B2CB-3495-D92A-D89515FAFD34}.Release|Any CPU.ActiveCfg = Release|Any CPU
		{6ACB7EAF-B2CB-3495-D92A-D89515FAFD34}.Release|Any CPU.Build.0 = Release|Any CPU
		{A136F2DF-FB76-2876-CF23-57C96E3CE59A}.Debug|Any CPU.ActiveCfg = Debug|Any CPU
		{A136F2DF-FB76-2876-CF23-57C96E3CE59A}.Debug|Any CPU.Build.0 = Debug|Any CPU
		{A136F2DF-FB76-2876-CF23-57C96E3CE59A}.Release|Any CPU.ActiveCfg = Release|Any CPU
		{A136F2DF-FB76-2876-CF23-57C96E3CE59A}.Release|Any CPU.Build.0 = Release|Any CPU
		{9127E78B-EAEE-5D14-8D96-EFF9EC35FB46}.Debug|Any CPU.ActiveCfg = Debug|Any CPU
		{9127E78B-EAEE-5D14-8D96-EFF9EC35FB46}.Debug|Any CPU.Build.0 = Debug|Any CPU
		{9127E78B-EAEE-5D14-8D96-EFF9EC35FB46}.Release|Any CPU.ActiveCfg = Release|Any CPU
		{9127E78B-EAEE-5D14-8D96-EFF9EC35FB46}.Release|Any CPU.Build.0 = Release|Any CPU
		{6429A7D6-E9F0-6FF1-894B-683C0408F217}.Debug|Any CPU.ActiveCfg = Debug|Any CPU
		{6429A7D6-E9F0-6FF1-894B-683C0408F217}.Debug|Any CPU.Build.0 = Debug|Any CPU
		{6429A7D6-E9F0-6FF1-894B-683C0408F217}.Release|Any CPU.ActiveCfg = Release|Any CPU
		{6429A7D6-E9F0-6FF1-894B-683C0408F217}.Release|Any CPU.Build.0 = Release|Any CPU
		{6622854C-EA47-A4C6-4420-3BE0C56D0C28}.Debug|Any CPU.ActiveCfg = Debug|Any CPU
		{6622854C-EA47-A4C6-4420-3BE0C56D0C28}.Debug|Any CPU.Build.0 = Debug|Any CPU
		{6622854C-EA47-A4C6-4420-3BE0C56D0C28}.Release|Any CPU.ActiveCfg = Release|Any CPU
		{6622854C-EA47-A4C6-4420-3BE0C56D0C28}.Release|Any CPU.Build.0 = Release|Any CPU
		{C27824CB-BFC6-D657-6DF3-902FDC91F9A7}.Debug|Any CPU.ActiveCfg = Debug|Any CPU
		{C27824CB-BFC6-D657-6DF3-902FDC91F9A7}.Debug|Any CPU.Build.0 = Debug|Any CPU
		{C27824CB-BFC6-D657-6DF3-902FDC91F9A7}.Release|Any CPU.ActiveCfg = Release|Any CPU
		{C27824CB-BFC6-D657-6DF3-902FDC91F9A7}.Release|Any CPU.Build.0 = Release|Any CPU
		{99E1073B-EC9C-76BB-9980-260EEF990DC1}.Debug|Any CPU.ActiveCfg = Debug|Any CPU
		{99E1073B-EC9C-76BB-9980-260EEF990DC1}.Debug|Any CPU.Build.0 = Debug|Any CPU
		{99E1073B-EC9C-76BB-9980-260EEF990DC1}.Release|Any CPU.ActiveCfg = Release|Any CPU
		{99E1073B-EC9C-76BB-9980-260EEF990DC1}.Release|Any CPU.Build.0 = Release|Any CPU
		{EC06B128-30F4-7010-7413-BE3410EDC88A}.Debug|Any CPU.ActiveCfg = Debug|Any CPU
		{EC06B128-30F4-7010-7413-BE3410EDC88A}.Debug|Any CPU.Build.0 = Debug|Any CPU
		{EC06B128-30F4-7010-7413-BE3410EDC88A}.Release|Any CPU.ActiveCfg = Release|Any CPU
		{EC06B128-30F4-7010-7413-BE3410EDC88A}.Release|Any CPU.Build.0 = Release|Any CPU
		{D4402BD5-8EEF-1B80-5883-E3767BBC0E21}.Debug|Any CPU.ActiveCfg = Debug|Any CPU
		{D4402BD5-8EEF-1B80-5883-E3767BBC0E21}.Debug|Any CPU.Build.0 = Debug|Any CPU
		{D4402BD5-8EEF-1B80-5883-E3767BBC0E21}.Release|Any CPU.ActiveCfg = Release|Any CPU
		{D4402BD5-8EEF-1B80-5883-E3767BBC0E21}.Release|Any CPU.Build.0 = Release|Any CPU
		{469CDB6C-2293-0288-09EA-C58D842ADEAF}.Debug|Any CPU.ActiveCfg = Debug|Any CPU
		{469CDB6C-2293-0288-09EA-C58D842ADEAF}.Debug|Any CPU.Build.0 = Debug|Any CPU
		{469CDB6C-2293-0288-09EA-C58D842ADEAF}.Release|Any CPU.ActiveCfg = Release|Any CPU
		{469CDB6C-2293-0288-09EA-C58D842ADEAF}.Release|Any CPU.Build.0 = Release|Any CPU
		{E88886B1-0B10-D8BB-1C18-E11639DB3EED}.Debug|Any CPU.ActiveCfg = Debug|Any CPU
		{E88886B1-0B10-D8BB-1C18-E11639DB3EED}.Debug|Any CPU.Build.0 = Debug|Any CPU
		{E88886B1-0B10-D8BB-1C18-E11639DB3EED}.Release|Any CPU.ActiveCfg = Release|Any CPU
		{E88886B1-0B10-D8BB-1C18-E11639DB3EED}.Release|Any CPU.Build.0 = Release|Any CPU
		{EB7439E8-6A3F-DEE2-1FFD-D64A6CE87493}.Debug|Any CPU.ActiveCfg = Debug|Any CPU
		{EB7439E8-6A3F-DEE2-1FFD-D64A6CE87493}.Debug|Any CPU.Build.0 = Debug|Any CPU
		{EB7439E8-6A3F-DEE2-1FFD-D64A6CE87493}.Release|Any CPU.ActiveCfg = Release|Any CPU
		{EB7439E8-6A3F-DEE2-1FFD-D64A6CE87493}.Release|Any CPU.Build.0 = Release|Any CPU
		{06355EAF-7678-E821-988A-E03865A899AB}.Debug|Any CPU.ActiveCfg = Debug|Any CPU
		{06355EAF-7678-E821-988A-E03865A899AB}.Debug|Any CPU.Build.0 = Debug|Any CPU
		{06355EAF-7678-E821-988A-E03865A899AB}.Release|Any CPU.ActiveCfg = Release|Any CPU
		{06355EAF-7678-E821-988A-E03865A899AB}.Release|Any CPU.Build.0 = Release|Any CPU
		{F714374C-DC56-462A-7B4F-96E7FA40BFDB}.Debug|Any CPU.ActiveCfg = Debug|Any CPU
		{F714374C-DC56-462A-7B4F-96E7FA40BFDB}.Debug|Any CPU.Build.0 = Debug|Any CPU
		{F714374C-DC56-462A-7B4F-96E7FA40BFDB}.Release|Any CPU.ActiveCfg = Release|Any CPU
		{F714374C-DC56-462A-7B4F-96E7FA40BFDB}.Release|Any CPU.Build.0 = Release|Any CPU
		{05CF66EA-1CF5-FB56-6AB8-37EAC623C54E}.Debug|Any CPU.ActiveCfg = Debug|Any CPU
		{05CF66EA-1CF5-FB56-6AB8-37EAC623C54E}.Debug|Any CPU.Build.0 = Debug|Any CPU
		{05CF66EA-1CF5-FB56-6AB8-37EAC623C54E}.Release|Any CPU.ActiveCfg = Release|Any CPU
		{05CF66EA-1CF5-FB56-6AB8-37EAC623C54E}.Release|Any CPU.Build.0 = Release|Any CPU
		{8BB1A0D2-1194-795C-0234-EC47A1DE18C8}.Debug|Any CPU.ActiveCfg = Debug|Any CPU
		{8BB1A0D2-1194-795C-0234-EC47A1DE18C8}.Debug|Any CPU.Build.0 = Debug|Any CPU
		{8BB1A0D2-1194-795C-0234-EC47A1DE18C8}.Release|Any CPU.ActiveCfg = Release|Any CPU
		{8BB1A0D2-1194-795C-0234-EC47A1DE18C8}.Release|Any CPU.Build.0 = Release|Any CPU
		{D69D8A0C-1FED-CC72-8F5C-82187A001E8E}.Debug|Any CPU.ActiveCfg = Debug|Any CPU
		{D69D8A0C-1FED-CC72-8F5C-82187A001E8E}.Debug|Any CPU.Build.0 = Debug|Any CPU
		{D69D8A0C-1FED-CC72-8F5C-82187A001E8E}.Release|Any CPU.ActiveCfg = Release|Any CPU
		{D69D8A0C-1FED-CC72-8F5C-82187A001E8E}.Release|Any CPU.Build.0 = Release|Any CPU
		{2ACBDE7E-83D3-694F-12F5-59205CEB7D7A}.Debug|Any CPU.ActiveCfg = Debug|Any CPU
		{2ACBDE7E-83D3-694F-12F5-59205CEB7D7A}.Debug|Any CPU.Build.0 = Debug|Any CPU
		{2ACBDE7E-83D3-694F-12F5-59205CEB7D7A}.Release|Any CPU.ActiveCfg = Release|Any CPU
		{2ACBDE7E-83D3-694F-12F5-59205CEB7D7A}.Release|Any CPU.Build.0 = Release|Any CPU
		{733A57E0-DD24-D832-B8CC-BFE864BD2D62}.Debug|Any CPU.ActiveCfg = Debug|Any CPU
		{733A57E0-DD24-D832-B8CC-BFE864BD2D62}.Debug|Any CPU.Build.0 = Debug|Any CPU
		{733A57E0-DD24-D832-B8CC-BFE864BD2D62}.Release|Any CPU.ActiveCfg = Release|Any CPU
		{733A57E0-DD24-D832-B8CC-BFE864BD2D62}.Release|Any CPU.Build.0 = Release|Any CPU
		{B9D4BB98-462C-41E9-820F-D8E9DA278D14}.Debug|Any CPU.ActiveCfg = Debug|Any CPU
		{B9D4BB98-462C-41E9-820F-D8E9DA278D14}.Debug|Any CPU.Build.0 = Debug|Any CPU
		{B9D4BB98-462C-41E9-820F-D8E9DA278D14}.Release|Any CPU.ActiveCfg = Release|Any CPU
		{B9D4BB98-462C-41E9-820F-D8E9DA278D14}.Release|Any CPU.Build.0 = Release|Any CPU
		{1D08B79E-B226-B00B-8B13-4670C7995E1D}.Debug|Any CPU.ActiveCfg = Debug|Any CPU
		{1D08B79E-B226-B00B-8B13-4670C7995E1D}.Debug|Any CPU.Build.0 = Debug|Any CPU
		{1D08B79E-B226-B00B-8B13-4670C7995E1D}.Release|Any CPU.ActiveCfg = Release|Any CPU
		{1D08B79E-B226-B00B-8B13-4670C7995E1D}.Release|Any CPU.Build.0 = Release|Any CPU
		{C0106DA2-51C4-1551-ED22-7872FB1AC840}.Debug|Any CPU.ActiveCfg = Debug|Any CPU
		{C0106DA2-51C4-1551-ED22-7872FB1AC840}.Debug|Any CPU.Build.0 = Debug|Any CPU
		{C0106DA2-51C4-1551-ED22-7872FB1AC840}.Release|Any CPU.ActiveCfg = Release|Any CPU
		{C0106DA2-51C4-1551-ED22-7872FB1AC840}.Release|Any CPU.Build.0 = Release|Any CPU
		{1A6B0515-0F6F-31A5-2EC5-0A1318069275}.Debug|Any CPU.ActiveCfg = Debug|Any CPU
		{1A6B0515-0F6F-31A5-2EC5-0A1318069275}.Debug|Any CPU.Build.0 = Debug|Any CPU
		{1A6B0515-0F6F-31A5-2EC5-0A1318069275}.Release|Any CPU.ActiveCfg = Release|Any CPU
		{1A6B0515-0F6F-31A5-2EC5-0A1318069275}.Release|Any CPU.Build.0 = Release|Any CPU
		{E37DE3B5-2DB9-7DDD-A3D1-85D83389F48E}.Debug|Any CPU.ActiveCfg = Debug|Any CPU
		{E37DE3B5-2DB9-7DDD-A3D1-85D83389F48E}.Debug|Any CPU.Build.0 = Debug|Any CPU
		{E37DE3B5-2DB9-7DDD-A3D1-85D83389F48E}.Release|Any CPU.ActiveCfg = Release|Any CPU
		{E37DE3B5-2DB9-7DDD-A3D1-85D83389F48E}.Release|Any CPU.Build.0 = Release|Any CPU
		{25E73961-7896-22CD-276E-D7AF59065944}.Debug|Any CPU.ActiveCfg = Debug|Any CPU
		{25E73961-7896-22CD-276E-D7AF59065944}.Debug|Any CPU.Build.0 = Debug|Any CPU
		{25E73961-7896-22CD-276E-D7AF59065944}.Release|Any CPU.ActiveCfg = Release|Any CPU
		{25E73961-7896-22CD-276E-D7AF59065944}.Release|Any CPU.Build.0 = Release|Any CPU
		{55C867A1-9DFD-A43F-1331-5790E555AB5E}.Debug|Any CPU.ActiveCfg = Debug|Any CPU
		{55C867A1-9DFD-A43F-1331-5790E555AB5E}.Debug|Any CPU.Build.0 = Debug|Any CPU
		{55C867A1-9DFD-A43F-1331-5790E555AB5E}.Release|Any CPU.ActiveCfg = Release|Any CPU
		{55C867A1-9DFD-A43F-1331-5790E555AB5E}.Release|Any CPU.Build.0 = Release|Any CPU
		{EB3E95D3-75FC-6262-CAA8-D4A0F606AA59}.Debug|Any CPU.ActiveCfg = Debug|Any CPU
		{EB3E95D3-75FC-6262-CAA8-D4A0F606AA59}.Debug|Any CPU.Build.0 = Debug|Any CPU
		{EB3E95D3-75FC-6262-CAA8-D4A0F606AA59}.Release|Any CPU.ActiveCfg = Release|Any CPU
		{EB3E95D3-75FC-6262-CAA8-D4A0F606AA59}.Release|Any CPU.Build.0 = Release|Any CPU
		{D7B13EA9-37F6-E46A-1480-8A98C127B6A8}.Debug|Any CPU.ActiveCfg = Debug|Any CPU
		{D7B13EA9-37F6-E46A-1480-8A98C127B6A8}.Debug|Any CPU.Build.0 = Debug|Any CPU
		{D7B13EA9-37F6-E46A-1480-8A98C127B6A8}.Release|Any CPU.ActiveCfg = Release|Any CPU
		{D7B13EA9-37F6-E46A-1480-8A98C127B6A8}.Release|Any CPU.Build.0 = Release|Any CPU
		{C158925D-50F0-366B-D910-45E3A783118C}.Debug|Any CPU.ActiveCfg = Debug|Any CPU
		{C158925D-50F0-366B-D910-45E3A783118C}.Debug|Any CPU.Build.0 = Debug|Any CPU
		{C158925D-50F0-366B-D910-45E3A783118C}.Release|Any CPU.ActiveCfg = Release|Any CPU
		{C158925D-50F0-366B-D910-45E3A783118C}.Release|Any CPU.Build.0 = Release|Any CPU
		{FC3CC1B0-40D2-ED61-6EAF-99C7373CF368}.Debug|Any CPU.ActiveCfg = Debug|Any CPU
		{FC3CC1B0-40D2-ED61-6EAF-99C7373CF368}.Debug|Any CPU.Build.0 = Debug|Any CPU
		{FC3CC1B0-40D2-ED61-6EAF-99C7373CF368}.Release|Any CPU.ActiveCfg = Release|Any CPU
		{FC3CC1B0-40D2-ED61-6EAF-99C7373CF368}.Release|Any CPU.Build.0 = Release|Any CPU
		{28E608E5-3DCE-6D79-410C-F9C69EBC6F66}.Debug|Any CPU.ActiveCfg = Debug|Any CPU
		{28E608E5-3DCE-6D79-410C-F9C69EBC6F66}.Debug|Any CPU.Build.0 = Debug|Any CPU
		{28E608E5-3DCE-6D79-410C-F9C69EBC6F66}.Release|Any CPU.ActiveCfg = Release|Any CPU
		{28E608E5-3DCE-6D79-410C-F9C69EBC6F66}.Release|Any CPU.Build.0 = Release|Any CPU
		{A45E40F4-5E9C-B14D-5AF0-68DE522E9836}.Debug|Any CPU.ActiveCfg = Debug|Any CPU
		{A45E40F4-5E9C-B14D-5AF0-68DE522E9836}.Debug|Any CPU.Build.0 = Debug|Any CPU
		{A45E40F4-5E9C-B14D-5AF0-68DE522E9836}.Release|Any CPU.ActiveCfg = Release|Any CPU
		{A45E40F4-5E9C-B14D-5AF0-68DE522E9836}.Release|Any CPU.Build.0 = Release|Any CPU
		{B12AA968-70D7-61B6-6D00-12305B46B975}.Debug|Any CPU.ActiveCfg = Debug|Any CPU
		{B12AA968-70D7-61B6-6D00-12305B46B975}.Debug|Any CPU.Build.0 = Debug|Any CPU
		{B12AA968-70D7-61B6-6D00-12305B46B975}.Release|Any CPU.ActiveCfg = Release|Any CPU
		{B12AA968-70D7-61B6-6D00-12305B46B975}.Release|Any CPU.Build.0 = Release|Any CPU
		{719886CA-13C2-C47D-D667-B2772FA0D884}.Debug|Any CPU.ActiveCfg = Debug|Any CPU
		{719886CA-13C2-C47D-D667-B2772FA0D884}.Debug|Any CPU.Build.0 = Debug|Any CPU
		{719886CA-13C2-C47D-D667-B2772FA0D884}.Release|Any CPU.ActiveCfg = Release|Any CPU
		{719886CA-13C2-C47D-D667-B2772FA0D884}.Release|Any CPU.Build.0 = Release|Any CPU
		{598E5C22-6FED-85CA-282E-53B743EB0D13}.Debug|Any CPU.ActiveCfg = Debug|Any CPU
		{598E5C22-6FED-85CA-282E-53B743EB0D13}.Debug|Any CPU.Build.0 = Debug|Any CPU
		{598E5C22-6FED-85CA-282E-53B743EB0D13}.Release|Any CPU.ActiveCfg = Release|Any CPU
		{598E5C22-6FED-85CA-282E-53B743EB0D13}.Release|Any CPU.Build.0 = Release|Any CPU
		{B50919F9-D3BA-5B8D-688E-1C1A75E5F296}.Debug|Any CPU.ActiveCfg = Debug|Any CPU
		{B50919F9-D3BA-5B8D-688E-1C1A75E5F296}.Debug|Any CPU.Build.0 = Debug|Any CPU
		{B50919F9-D3BA-5B8D-688E-1C1A75E5F296}.Release|Any CPU.ActiveCfg = Release|Any CPU
		{B50919F9-D3BA-5B8D-688E-1C1A75E5F296}.Release|Any CPU.Build.0 = Release|Any CPU
		{6A1C5D50-64FF-8142-B07D-4B9C024555F2}.Debug|Any CPU.ActiveCfg = Debug|Any CPU
		{6A1C5D50-64FF-8142-B07D-4B9C024555F2}.Debug|Any CPU.Build.0 = Debug|Any CPU
		{6A1C5D50-64FF-8142-B07D-4B9C024555F2}.Release|Any CPU.ActiveCfg = Release|Any CPU
		{6A1C5D50-64FF-8142-B07D-4B9C024555F2}.Release|Any CPU.Build.0 = Release|Any CPU
		{BCBA6C5F-B1D5-C21F-894F-B40C46F97774}.Debug|Any CPU.ActiveCfg = Debug|Any CPU
		{BCBA6C5F-B1D5-C21F-894F-B40C46F97774}.Debug|Any CPU.Build.0 = Debug|Any CPU
		{BCBA6C5F-B1D5-C21F-894F-B40C46F97774}.Release|Any CPU.ActiveCfg = Release|Any CPU
		{BCBA6C5F-B1D5-C21F-894F-B40C46F97774}.Release|Any CPU.Build.0 = Release|Any CPU
		{EAFA7BC4-3E8B-56E0-3C9C-6143AABDE9E3}.Debug|Any CPU.ActiveCfg = Debug|Any CPU
		{EAFA7BC4-3E8B-56E0-3C9C-6143AABDE9E3}.Debug|Any CPU.Build.0 = Debug|Any CPU
		{EAFA7BC4-3E8B-56E0-3C9C-6143AABDE9E3}.Release|Any CPU.ActiveCfg = Release|Any CPU
		{EAFA7BC4-3E8B-56E0-3C9C-6143AABDE9E3}.Release|Any CPU.Build.0 = Release|Any CPU
		{40BA6B7F-678A-770A-6FE9-C697CF1A8D62}.Debug|Any CPU.ActiveCfg = Debug|Any CPU
		{40BA6B7F-678A-770A-6FE9-C697CF1A8D62}.Debug|Any CPU.Build.0 = Debug|Any CPU
		{40BA6B7F-678A-770A-6FE9-C697CF1A8D62}.Release|Any CPU.ActiveCfg = Release|Any CPU
		{40BA6B7F-678A-770A-6FE9-C697CF1A8D62}.Release|Any CPU.Build.0 = Release|Any CPU
		{8BACB925-1979-58E6-5310-1CEAFF30C09A}.Debug|Any CPU.ActiveCfg = Debug|Any CPU
		{8BACB925-1979-58E6-5310-1CEAFF30C09A}.Debug|Any CPU.Build.0 = Debug|Any CPU
		{8BACB925-1979-58E6-5310-1CEAFF30C09A}.Release|Any CPU.ActiveCfg = Release|Any CPU
		{8BACB925-1979-58E6-5310-1CEAFF30C09A}.Release|Any CPU.Build.0 = Release|Any CPU
		{E0B68632-3A42-0FC2-43CB-C6D8C68A68FA}.Debug|Any CPU.ActiveCfg = Debug|Any CPU
		{E0B68632-3A42-0FC2-43CB-C6D8C68A68FA}.Debug|Any CPU.Build.0 = Debug|Any CPU
		{E0B68632-3A42-0FC2-43CB-C6D8C68A68FA}.Release|Any CPU.ActiveCfg = Release|Any CPU
		{E0B68632-3A42-0FC2-43CB-C6D8C68A68FA}.Release|Any CPU.Build.0 = Release|Any CPU
		{E3DBFDBC-7732-E503-50FE-DF6E17450A91}.Debug|Any CPU.ActiveCfg = Debug|Any CPU
		{E3DBFDBC-7732-E503-50FE-DF6E17450A91}.Debug|Any CPU.Build.0 = Debug|Any CPU
		{E3DBFDBC-7732-E503-50FE-DF6E17450A91}.Release|Any CPU.ActiveCfg = Release|Any CPU
		{E3DBFDBC-7732-E503-50FE-DF6E17450A91}.Release|Any CPU.Build.0 = Release|Any CPU
		{3F3804CB-C7EB-5D43-6F50-DEF460AF4FC2}.Debug|Any CPU.ActiveCfg = Debug|Any CPU
		{3F3804CB-C7EB-5D43-6F50-DEF460AF4FC2}.Debug|Any CPU.Build.0 = Debug|Any CPU
		{3F3804CB-C7EB-5D43-6F50-DEF460AF4FC2}.Release|Any CPU.ActiveCfg = Release|Any CPU
		{3F3804CB-C7EB-5D43-6F50-DEF460AF4FC2}.Release|Any CPU.Build.0 = Release|Any CPU
		{92C7A6DD-0A6D-A7B4-1824-2AF86546729A}.Debug|Any CPU.ActiveCfg = Debug|Any CPU
		{92C7A6DD-0A6D-A7B4-1824-2AF86546729A}.Debug|Any CPU.Build.0 = Debug|Any CPU
		{92C7A6DD-0A6D-A7B4-1824-2AF86546729A}.Release|Any CPU.ActiveCfg = Release|Any CPU
		{92C7A6DD-0A6D-A7B4-1824-2AF86546729A}.Release|Any CPU.Build.0 = Release|Any CPU
		{B31220D7-7594-68EC-83DF-72DD54D5B85F}.Debug|Any CPU.ActiveCfg = Debug|Any CPU
		{B31220D7-7594-68EC-83DF-72DD54D5B85F}.Debug|Any CPU.Build.0 = Debug|Any CPU
		{B31220D7-7594-68EC-83DF-72DD54D5B85F}.Release|Any CPU.ActiveCfg = Release|Any CPU
		{B31220D7-7594-68EC-83DF-72DD54D5B85F}.Release|Any CPU.Build.0 = Release|Any CPU
		{ACE60230-140E-43E1-617E-8BCA03FD1AF6}.Debug|Any CPU.ActiveCfg = Debug|Any CPU
		{ACE60230-140E-43E1-617E-8BCA03FD1AF6}.Debug|Any CPU.Build.0 = Debug|Any CPU
		{ACE60230-140E-43E1-617E-8BCA03FD1AF6}.Release|Any CPU.ActiveCfg = Release|Any CPU
		{ACE60230-140E-43E1-617E-8BCA03FD1AF6}.Release|Any CPU.Build.0 = Release|Any CPU
		{ECE63DCA-8C1A-7FCA-B2D5-F6656E73D8A4}.Debug|Any CPU.ActiveCfg = Debug|Any CPU
		{ECE63DCA-8C1A-7FCA-B2D5-F6656E73D8A4}.Debug|Any CPU.Build.0 = Debug|Any CPU
		{ECE63DCA-8C1A-7FCA-B2D5-F6656E73D8A4}.Release|Any CPU.ActiveCfg = Release|Any CPU
		{ECE63DCA-8C1A-7FCA-B2D5-F6656E73D8A4}.Release|Any CPU.Build.0 = Release|Any CPU
		{915FD08D-8943-9695-B6EF-988B20B680DF}.Debug|Any CPU.ActiveCfg = Debug|Any CPU
		{915FD08D-8943-9695-B6EF-988B20B680DF}.Debug|Any CPU.Build.0 = Debug|Any CPU
		{915FD08D-8943-9695-B6EF-988B20B680DF}.Release|Any CPU.ActiveCfg = Release|Any CPU
		{915FD08D-8943-9695-B6EF-988B20B680DF}.Release|Any CPU.Build.0 = Release|Any CPU
		{712A2F8D-3A55-D461-7C50-2406854C9746}.Debug|Any CPU.ActiveCfg = Debug|Any CPU
		{712A2F8D-3A55-D461-7C50-2406854C9746}.Debug|Any CPU.Build.0 = Debug|Any CPU
		{712A2F8D-3A55-D461-7C50-2406854C9746}.Release|Any CPU.ActiveCfg = Release|Any CPU
		{712A2F8D-3A55-D461-7C50-2406854C9746}.Release|Any CPU.Build.0 = Release|Any CPU
		{03DFE543-2FA6-1F2F-98C2-DA6E587EB312}.Debug|Any CPU.ActiveCfg = Debug|Any CPU
		{03DFE543-2FA6-1F2F-98C2-DA6E587EB312}.Debug|Any CPU.Build.0 = Debug|Any CPU
		{03DFE543-2FA6-1F2F-98C2-DA6E587EB312}.Release|Any CPU.ActiveCfg = Release|Any CPU
		{03DFE543-2FA6-1F2F-98C2-DA6E587EB312}.Release|Any CPU.Build.0 = Release|Any CPU
		{886FFFF7-62BC-824A-6342-43D8DB795C44}.Debug|Any CPU.ActiveCfg = Debug|Any CPU
		{886FFFF7-62BC-824A-6342-43D8DB795C44}.Debug|Any CPU.Build.0 = Debug|Any CPU
		{886FFFF7-62BC-824A-6342-43D8DB795C44}.Release|Any CPU.ActiveCfg = Release|Any CPU
		{886FFFF7-62BC-824A-6342-43D8DB795C44}.Release|Any CPU.Build.0 = Release|Any CPU
		{8AF4D9BE-D6D4-7A3A-342D-D5EEA279F035}.Debug|Any CPU.ActiveCfg = Debug|Any CPU
		{8AF4D9BE-D6D4-7A3A-342D-D5EEA279F035}.Debug|Any CPU.Build.0 = Debug|Any CPU
		{8AF4D9BE-D6D4-7A3A-342D-D5EEA279F035}.Release|Any CPU.ActiveCfg = Release|Any CPU
		{8AF4D9BE-D6D4-7A3A-342D-D5EEA279F035}.Release|Any CPU.Build.0 = Release|Any CPU
		{6FE207B8-BF13-CD74-1B26-BE780EB9E1DC}.Debug|Any CPU.ActiveCfg = Debug|Any CPU
		{6FE207B8-BF13-CD74-1B26-BE780EB9E1DC}.Debug|Any CPU.Build.0 = Debug|Any CPU
		{6FE207B8-BF13-CD74-1B26-BE780EB9E1DC}.Release|Any CPU.ActiveCfg = Release|Any CPU
		{6FE207B8-BF13-CD74-1B26-BE780EB9E1DC}.Release|Any CPU.Build.0 = Release|Any CPU
		{3DC9B2ED-1055-C4B5-AB93-B8657B9372C3}.Debug|Any CPU.ActiveCfg = Debug|Any CPU
		{3DC9B2ED-1055-C4B5-AB93-B8657B9372C3}.Debug|Any CPU.Build.0 = Debug|Any CPU
		{3DC9B2ED-1055-C4B5-AB93-B8657B9372C3}.Release|Any CPU.ActiveCfg = Release|Any CPU
		{3DC9B2ED-1055-C4B5-AB93-B8657B9372C3}.Release|Any CPU.Build.0 = Release|Any CPU
		{B779314D-F696-3625-F325-779FA5EDA678}.Debug|Any CPU.ActiveCfg = Debug|Any CPU
		{B779314D-F696-3625-F325-779FA5EDA678}.Debug|Any CPU.Build.0 = Debug|Any CPU
		{B779314D-F696-3625-F325-779FA5EDA678}.Release|Any CPU.ActiveCfg = Release|Any CPU
		{B779314D-F696-3625-F325-779FA5EDA678}.Release|Any CPU.Build.0 = Release|Any CPU
		{B740182F-34AC-25F6-1F53-A816F9EE7CBB}.Debug|Any CPU.ActiveCfg = Debug|Any CPU
		{B740182F-34AC-25F6-1F53-A816F9EE7CBB}.Debug|Any CPU.Build.0 = Debug|Any CPU
		{B740182F-34AC-25F6-1F53-A816F9EE7CBB}.Release|Any CPU.ActiveCfg = Release|Any CPU
		{B740182F-34AC-25F6-1F53-A816F9EE7CBB}.Release|Any CPU.Build.0 = Release|Any CPU
		{981D4181-E475-744A-68C3-9043485BBF55}.Debug|Any CPU.ActiveCfg = Debug|Any CPU
		{981D4181-E475-744A-68C3-9043485BBF55}.Debug|Any CPU.Build.0 = Debug|Any CPU
		{981D4181-E475-744A-68C3-9043485BBF55}.Release|Any CPU.ActiveCfg = Release|Any CPU
		{981D4181-E475-744A-68C3-9043485BBF55}.Release|Any CPU.Build.0 = Release|Any CPU
		{BA6FBD0E-6A6C-5244-1128-D56B7D188387}.Debug|Any CPU.ActiveCfg = Debug|Any CPU
		{BA6FBD0E-6A6C-5244-1128-D56B7D188387}.Debug|Any CPU.Build.0 = Debug|Any CPU
		{BA6FBD0E-6A6C-5244-1128-D56B7D188387}.Release|Any CPU.ActiveCfg = Release|Any CPU
		{BA6FBD0E-6A6C-5244-1128-D56B7D188387}.Release|Any CPU.Build.0 = Release|Any CPU
		{0F8808D4-9B3A-9A92-6D6F-6EE44BBED323}.Debug|Any CPU.ActiveCfg = Debug|Any CPU
		{0F8808D4-9B3A-9A92-6D6F-6EE44BBED323}.Debug|Any CPU.Build.0 = Debug|Any CPU
		{0F8808D4-9B3A-9A92-6D6F-6EE44BBED323}.Release|Any CPU.ActiveCfg = Release|Any CPU
		{0F8808D4-9B3A-9A92-6D6F-6EE44BBED323}.Release|Any CPU.Build.0 = Release|Any CPU
	EndGlobalSection
	GlobalSection(SolutionProperties) = preSolution
		HideSolutionNode = FALSE
	EndGlobalSection
	GlobalSection(ExtensibilityGlobals) = postSolution
		SolutionGuid = {3F792921-6E8A-4563-AA77-8065FCE5C093}
	EndGlobalSection
EndGlobal
